
Microsoft Visual Studio Solution File, Format Version 12.00
# Visual Studio 15
VisualStudioVersion = 15.0.28307.1585
MinimumVisualStudioVersion = 10.0.40219.1
Project("{FAE04EC0-301F-11D3-BF4B-00C04F79EFBC}") = "Kastel-Planner-Backend", "Kastel-Planner-Backend\Kastel-Planner-Backend.csproj", "{45E225B7-F4D6-4A56-8452-53CA4170061B}"
EndProject
Global
	GlobalSection(SolutionConfigurationPlatforms) = preSolution
		Debug|Any CPU = Debug|Any CPU
		Release|Any CPU = Release|Any CPU
	EndGlobalSection
	GlobalSection(ProjectConfigurationPlatforms) = postSolution
		{45E225B7-F4D6-4A56-8452-53CA4170061B}.Debug|Any CPU.ActiveCfg = Debug|Any CPU
		{45E225B7-F4D6-4A56-8452-53CA4170061B}.Debug|Any CPU.Build.0 = Debug|Any CPU
		{45E225B7-F4D6-4A56-8452-53CA4170061B}.Release|Any CPU.ActiveCfg = Release|Any CPU
		{45E225B7-F4D6-4A56-8452-53CA4170061B}.Release|Any CPU.Build.0 = Release|Any CPU
	EndGlobalSection
	GlobalSection(SolutionProperties) = preSolution
		HideSolutionNode = FALSE
	EndGlobalSection
	GlobalSection(ExtensibilityGlobals) = postSolution
		SolutionGuid = {503E8ACA-BB63-4F8E-82D2-25B5B6671BCC}
		EnterpriseLibraryConfigurationToolBinariesPathV6 = packages\EnterpriseLibrary.Common.6.0.1304.0\lib\NET45;packages\EnterpriseLibrary.Validation.6.0.1304.0\lib\NET45
	EndGlobalSection
EndGlobal
